
Microsoft Visual Studio Solution File, Format Version 12.00
# Visual Studio Version 16
VisualStudioVersion = 16.0.31321.278
MinimumVisualStudioVersion = 10.0.40219.1
Project("{FAE04EC0-301F-11D3-BF4B-00C04F79EFBC}") = "CSharpProject", "CSharpProject.csproj", "{FF407BDF-8F3B-4203-A7F7-7B83D44344DB}"
EndProject
Global
	GlobalSection(SolutionConfigurationPlatforms) = preSolution
		Debug|Any CPU = Debug|Any CPU
		Release|Any CPU = Release|Any CPU
	EndGlobalSection
	GlobalSection(ProjectConfigurationPlatforms) = postSolution
		{FF407BDF-8F3B-4203-A7F7-7B83D44344DB}.Debug|Any CPU.ActiveCfg = Debug|Any CPU
		{FF407BDF-8F3B-4203-A7F7-7B83D44344DB}.Debug|Any CPU.Build.0 = Debug|Any CPU
		{FF407BDF-8F3B-4203-A7F7-7B83D44344DB}.Release|Any CPU.ActiveCfg = Release|Any CPU
		{FF407BDF-8F3B-4203-A7F7-7B83D44344DB}.Release|Any CPU.Build.0 = Release|Any CPU
	EndGlobalSection
	GlobalSection(SolutionProperties) = preSolution
		HideSolutionNode = FALSE
	EndGlobalSection
	GlobalSection(ExtensibilityGlobals) = postSolution
		SolutionGuid = {02DBBEFC-9309-45CA-8DF0-A1D38BFF3DA1}
	EndGlobalSection
EndGlobal
